<?xml version="1.0" encoding="UTF-8" standalone="yes" ?>
<CodeBlocks_project_file>
	<FileVersion major="1" minor="6" />
	<Project>
		<Option title="Gestion_De_Stock" />
		<Option pch_mode="2" />
		<Option compiler="gcc" />
		<Build>
			<Target title="Debug">
				<Option output="bin/Debug/Gestion_De_Stock" prefix_auto="1" extension_auto="1" />
				<Option object_output="obj/Debug/" />
				<Option type="1" />
				<Option compiler="gcc" />
				<Compiler>
					<Add option="-g" />
				</Compiler>
			</Target>
			<Target title="Release">
				<Option output="bin/Release/Gestion_De_Stock" prefix_auto="1" extension_auto="1" />
				<Option object_output="obj/Release/" />
				<Option type="1" />
				<Option compiler="gcc" />
				<Compiler>
					<Add option="-O2" />
				</Compiler>
				<Linker>
					<Add option="-s" />
				</Linker>
			</Target>
		</Build>
		<Compiler>
			<Add option="-Wall" />
			<Add option="-fexceptions" />
		</Compiler>
		<Unit filename="Pruebas.cpp" />
		<Unit filename="Pruebas.h" />
		<Unit filename="main.cpp" />
		<Unit filename="rlutil.h" />
		<Unit filename="src/Cliente.cpp" />
		<Unit filename="src/Cliente.h" />
		<Unit filename="src/ClientesManager.cpp" />
		<Unit filename="src/ClientesManager.h" />
		<Unit filename="src/Comprobante.cpp" />
		<Unit filename="src/Comprobante.h" />
		<Unit filename="src/Configuracion.cpp" />
		<Unit filename="src/Configuracion.h" />
		<Unit filename="src/DatosPersonales.cpp" />
		<Unit filename="src/DatosPersonales.h" />
		<Unit filename="src/Factura.cpp" />
		<Unit filename="src/Factura.h" />
		<Unit filename="src/Fecha.cpp" />
		<Unit filename="src/Fecha.h" />
		<Unit filename="src/Menu.cpp" />
		<Unit filename="src/Menu.h" />
		<Unit filename="src/NotaDeCredito.cpp" />
		<Unit filename="src/NotaDeCredito.h" />
		<Unit filename="src/Producto.cpp" />
		<Unit filename="src/Producto.h" />
		<Unit filename="src/ProductosManager.cpp" />
		<Unit filename="src/ProductosManager.h" />
		<Unit filename="src/Proveedor.cpp" />
		<Unit filename="src/Proveedor.h" />
		<Unit filename="src/ProveedoresManager.cpp" />
		<Unit filename="src/ProveedoresManager.h" />
		<Unit filename="src/VentasManager.cpp" />
		<Unit filename="src/VentasManager.h" />
		<Extensions>
			<lib_finder disable_auto="1" />
		</Extensions>
	</Project>
</CodeBlocks_project_file>
