<?xml version="1.0" encoding="UTF-8" standalone="yes" ?>
<CodeBlocks_project_file>
	<FileVersion major="1" minor="6" />
	<Project>
		<Option title="Gestion_De_Stock" />
		<Option pch_mode="2" />
		<Option compiler="gcc" />
		<Build>
			<Target title="Debug">
				<Option output="bin/Debug/Gestion_De_Stock" prefix_auto="1" extension_auto="1" />
				<Option object_output="obj/Debug/" />
				<Option type="1" />
				<Option compiler="gcc" />
				<Compiler>
					<Add option="-g" />
					<Add directory="src/class_manager" />
				</Compiler>
			</Target>
			<Target title="Release">
				<Option output="bin/Release/Gestion_De_Stock" prefix_auto="1" extension_auto="1" />
				<Option object_output="obj/Release/" />
				<Option type="1" />
				<Option compiler="gcc" />
				<Compiler>
					<Add option="-O2" />
					<Add directory="src/class_manager" />
				</Compiler>
				<Linker>
					<Add option="-s" />
				</Linker>
			</Target>
		</Build>
		<Compiler>
			<Add option="-Wall" />
			<Add option="-fexceptions" />
		</Compiler>
		<Unit filename="Pruebas.cpp" />
		<Unit filename="Pruebas.h" />
		<Unit filename="main.cpp" />
		<Unit filename="rlutil.h" />
		<Unit filename="src/controller/data_generator/client_generator.cpp" />
		<Unit filename="src/controller/data_generator/client_generator.h" />
		<Unit filename="src/controller/data_generator/generator.cpp" />
		<Unit filename="src/controller/data_generator/generator.h" />
		<Unit filename="src/controller/data_generator/tiporesponsables_generator.cpp" />
		<Unit filename="src/controller/data_generator/tiporesponsables_generator.h" />
		<Unit filename="src/controller/generic_array.h" />
		<Unit filename="src/controller/modals.h" />
		<Unit filename="src/controller/modals/error.cpp" />
		<Unit filename="src/controller/modals/error.h" />
		<Unit filename="src/controller/modals/informational.cpp" />
		<Unit filename="src/controller/modals/informational.h" />
		<Unit filename="src/controller/modals/modal.cpp" />
		<Unit filename="src/controller/modals/modal.h" />
		<Unit filename="src/controller/modals/warning.cpp" />
		<Unit filename="src/controller/modals/warning.h" />
		<Unit filename="src/controller/validation.cpp" />
		<Unit filename="src/controller/validation.h" />
		<Unit filename="src/file_manager/file_system.h" />
		<Unit filename="src/main_classes/Fecha.cpp" />
		<Unit filename="src/main_classes/Fecha.h" />
		<Unit filename="src/main_classes/cliente.cpp" />
		<Unit filename="src/main_classes/cliente.h" />
		<Unit filename="src/main_classes/datos_personales.cpp" />
		<Unit filename="src/main_classes/datos_personales.h" />
		<Unit filename="src/main_classes/tipo_responsable.cpp" />
		<Unit filename="src/main_classes/tipo_responsable.h" />
		<Unit filename="src/manager/cliente_manager.cpp" />
		<Unit filename="src/manager/cliente_manager.h" />
		<Unit filename="src/manager/tiporesponsables_manager.cpp" />
		<Unit filename="src/manager/tiporesponsables_manager.h" />
		<Extensions>
			<lib_finder disable_auto="1" />
		</Extensions>
	</Project>
</CodeBlocks_project_file>
