<?xml version="1.0" encoding="UTF-8" standalone="yes" ?>
<CodeBlocks_project_file>
	<FileVersion major="1" minor="6" />
	<Project>
		<Option title="Gestion_De_Stock" />
		<Option pch_mode="2" />
		<Option compiler="gcc-mingw32" />
		<Build>
			<Target title="Debug">
				<Option output="bin/Debug/Gestion_De_Stock" prefix_auto="1" extension_auto="1" />
				<Option object_output="obj/Debug/" />
				<Option type="1" />
				<Option compiler="gcc-mingw32" />
				<Compiler>
					<Add directory="include" />
				</Compiler>
			</Target>
			<Target title="Release">
				<Option output="bin/Release/Gestion_De_Stock" prefix_auto="1" extension_auto="1" />
				<Option object_output="obj/Release/" />
				<Option type="1" />
				<Option compiler="gcc-mingw32" />
				<Compiler>
					<Add directory="include" />
				</Compiler>
			</Target>
		</Build>
		<Unit filename="include/Cliente.h" />
		<Unit filename="include/ClientesManager.h" />
		<Unit filename="include/Comprobante.h" />
		<Unit filename="include/Comprobantesmanager.h" />
		<Unit filename="include/DatosPersonales.h" />
		<Unit filename="include/Factura.h" />
		<Unit filename="include/Fecha.h" />
		<Unit filename="include/Gestor.h" />
		<Unit filename="include/ItemVenta.h" />
		<Unit filename="include/NotaDeCredito.h" />
		<Unit filename="include/Producto.h" />
		<Unit filename="include/ProductosManager.h" />
		<Unit filename="include/Proveedor.h" />
		<Unit filename="include/TipoResponsable.h" />
		<Unit filename="main.cpp" />
		<Unit filename="src/Base.cpp" />
		<Unit filename="src/Cliente.cpp" />
		<Unit filename="src/ClientesManager.cpp" />
		<Unit filename="src/Comprobante.cpp" />
		<Unit filename="src/ComprobantesManager.cpp" />
		<Unit filename="src/Comprobantesmanager.cpp" />
		<Unit filename="src/DatosPersonales.cpp" />
		<Unit filename="src/Factura.cpp" />
		<Unit filename="src/FacturasManager.cpp" />
		<Unit filename="src/Fecha.cpp" />
		<Unit filename="src/Gestor.cpp" />
		<Unit filename="src/ItemVenta.cpp" />
		<Unit filename="src/NotaDeCredito.cpp" />
		<Unit filename="src/NotaDeCreditosManager.cpp" />
		<Unit filename="src/Producto.cpp" />
		<Unit filename="src/ProductosManager.cpp" />
		<Unit filename="src/Proveedor.cpp" />
		<Unit filename="src/TipoResponsable.cpp" />
		<Unit filename="src/menu.cpp" />
		<Extensions />
	</Project>
</CodeBlocks_project_file>
